
Microsoft Visual Studio Solution File, Format Version 12.00
# Visual Studio Version 17
VisualStudioVersion = 17.0.32112.339
MinimumVisualStudioVersion = 10.0.40219.1
Project("{2150E333-8FDC-42A3-9474-1A3956D46DE8}") = "[20] BLL", "[20] BLL", "{D592EFB1-D2CE-4393-8F06-A341DCDB2FAF}"
EndProject
Project("{2150E333-8FDC-42A3-9474-1A3956D46DE8}") = "[30] UIL", "[30] UIL", "{55A3D70A-DBF7-4683-896B-1714C1EC754F}"
EndProject
Project("{9A19103F-16F7-4668-BE54-9A1E7A4F7556}") = "PowerplanBLL", "PowerplanBLL\PowerplanBLL.csproj", "{CF92D201-0BF5-4E98-A3BF-669C19E8378F}"
EndProject
Project("{9A19103F-16F7-4668-BE54-9A1E7A4F7556}") = "PowerplantUIL", "PowerplantUIL\PowerplantUIL.csproj", "{F2AF3301-16AF-464B-B0B1-2AFF5AE5BA6A}"
EndProject
Project("{2150E333-8FDC-42A3-9474-1A3956D46DE8}") = "[99] Test", "[99] Test", "{B1DC0C96-64D0-4EC0-A1DA-1458CC410DC0}"
EndProject
Project("{FAE04EC0-301F-11D3-BF4B-00C04F79EFBC}") = "PowerplantTest", "PowerplantTest\PowerplantTest.csproj", "{D793DFEB-FB3F-4EC0-88A4-937FF0983D8F}"
EndProject
Global
	GlobalSection(SolutionConfigurationPlatforms) = preSolution
		Debug|Any CPU = Debug|Any CPU
		Release|Any CPU = Release|Any CPU
	EndGlobalSection
	GlobalSection(ProjectConfigurationPlatforms) = postSolution
		{CF92D201-0BF5-4E98-A3BF-669C19E8378F}.Debug|Any CPU.ActiveCfg = Debug|Any CPU
		{CF92D201-0BF5-4E98-A3BF-669C19E8378F}.Debug|Any CPU.Build.0 = Debug|Any CPU
		{CF92D201-0BF5-4E98-A3BF-669C19E8378F}.Release|Any CPU.ActiveCfg = Release|Any CPU
		{CF92D201-0BF5-4E98-A3BF-669C19E8378F}.Release|Any CPU.Build.0 = Release|Any CPU
		{F2AF3301-16AF-464B-B0B1-2AFF5AE5BA6A}.Debug|Any CPU.ActiveCfg = Debug|Any CPU
		{F2AF3301-16AF-464B-B0B1-2AFF5AE5BA6A}.Debug|Any CPU.Build.0 = Debug|Any CPU
		{F2AF3301-16AF-464B-B0B1-2AFF5AE5BA6A}.Release|Any CPU.ActiveCfg = Release|Any CPU
		{F2AF3301-16AF-464B-B0B1-2AFF5AE5BA6A}.Release|Any CPU.Build.0 = Release|Any CPU
		{D793DFEB-FB3F-4EC0-88A4-937FF0983D8F}.Debug|Any CPU.ActiveCfg = Debug|Any CPU
		{D793DFEB-FB3F-4EC0-88A4-937FF0983D8F}.Debug|Any CPU.Build.0 = Debug|Any CPU
		{D793DFEB-FB3F-4EC0-88A4-937FF0983D8F}.Release|Any CPU.ActiveCfg = Release|Any CPU
		{D793DFEB-FB3F-4EC0-88A4-937FF0983D8F}.Release|Any CPU.Build.0 = Release|Any CPU
	EndGlobalSection
	GlobalSection(SolutionProperties) = preSolution
		HideSolutionNode = FALSE
	EndGlobalSection
	GlobalSection(NestedProjects) = preSolution
		{CF92D201-0BF5-4E98-A3BF-669C19E8378F} = {D592EFB1-D2CE-4393-8F06-A341DCDB2FAF}
		{F2AF3301-16AF-464B-B0B1-2AFF5AE5BA6A} = {55A3D70A-DBF7-4683-896B-1714C1EC754F}
		{D793DFEB-FB3F-4EC0-88A4-937FF0983D8F} = {B1DC0C96-64D0-4EC0-A1DA-1458CC410DC0}
	EndGlobalSection
	GlobalSection(ExtensibilityGlobals) = postSolution
		SolutionGuid = {8DD494FD-6059-4F7F-A3B0-E8DD0B991C82}
	EndGlobalSection
EndGlobal
